
Microsoft Visual Studio Solution File, Format Version 12.00
# Visual Studio Version 16
VisualStudioVersion = 16.0.30104.148
MinimumVisualStudioVersion = 10.0.40219.1
Project("{FAE04EC0-301F-11D3-BF4B-00C04F79EFBC}") = "AppliedInformatics", "AppliedInformatics\AppliedInformatics.csproj", "{D52D62A3-2DC4-4401-B2D3-45A3BAF9EFD5}"
EndProject
Project("{FAE04EC0-301F-11D3-BF4B-00C04F79EFBC}") = "CheckLaboratoryWork", "CheckLaboratoryWork\CheckLaboratoryWork.csproj", "{95BCB99D-5D04-4256-B41B-5BEEA3B3B750}"
EndProject
Global
	GlobalSection(SolutionConfigurationPlatforms) = preSolution
		Debug|Any CPU = Debug|Any CPU
		Release|Any CPU = Release|Any CPU
	EndGlobalSection
	GlobalSection(ProjectConfigurationPlatforms) = postSolution
		{D52D62A3-2DC4-4401-B2D3-45A3BAF9EFD5}.Debug|Any CPU.ActiveCfg = Debug|Any CPU
		{D52D62A3-2DC4-4401-B2D3-45A3BAF9EFD5}.Debug|Any CPU.Build.0 = Debug|Any CPU
		{D52D62A3-2DC4-4401-B2D3-45A3BAF9EFD5}.Release|Any CPU.ActiveCfg = Release|Any CPU
		{D52D62A3-2DC4-4401-B2D3-45A3BAF9EFD5}.Release|Any CPU.Build.0 = Release|Any CPU
		{95BCB99D-5D04-4256-B41B-5BEEA3B3B750}.Debug|Any CPU.ActiveCfg = Debug|Any CPU
		{95BCB99D-5D04-4256-B41B-5BEEA3B3B750}.Debug|Any CPU.Build.0 = Debug|Any CPU
		{95BCB99D-5D04-4256-B41B-5BEEA3B3B750}.Release|Any CPU.ActiveCfg = Release|Any CPU
		{95BCB99D-5D04-4256-B41B-5BEEA3B3B750}.Release|Any CPU.Build.0 = Release|Any CPU
	EndGlobalSection
	GlobalSection(SolutionProperties) = preSolution
		HideSolutionNode = FALSE
	EndGlobalSection
	GlobalSection(ExtensibilityGlobals) = postSolution
		SolutionGuid = {23E47456-BB69-4DEA-AB60-15648EDE0D3B}
	EndGlobalSection
EndGlobal
